
Microsoft Visual Studio Solution File, Format Version 12.00
# Visual Studio Version 16
VisualStudioVersion = 16.0.31205.134
MinimumVisualStudioVersion = 10.0.40219.1
Project("{9A19103F-16F7-4668-BE54-9A1E7A4F7556}") = "BlazorYoutubePlayerViewer", "BlazorYoutubePlayerViewer\BlazorYoutubePlayerViewer.csproj", "{01036755-4A6F-4CFC-97E0-B26A7AA96C84}"
EndProject
Project("{9A19103F-16F7-4668-BE54-9A1E7A4F7556}") = "BlasorIndexedDb", "c:\DrUalcman\BlasorIndexedDb\BlasorIndexedDb\BlasorIndexedDb.csproj", "{FE6A9F57-0303-4A1B-AEF2-D5C77A5413D8}"
EndProject
Global
	GlobalSection(SolutionConfigurationPlatforms) = preSolution
		Debug|Any CPU = Debug|Any CPU
		Release|Any CPU = Release|Any CPU
	EndGlobalSection
	GlobalSection(ProjectConfigurationPlatforms) = postSolution
		{01036755-4A6F-4CFC-97E0-B26A7AA96C84}.Debug|Any CPU.ActiveCfg = Debug|Any CPU
		{01036755-4A6F-4CFC-97E0-B26A7AA96C84}.Debug|Any CPU.Build.0 = Debug|Any CPU
		{01036755-4A6F-4CFC-97E0-B26A7AA96C84}.Release|Any CPU.ActiveCfg = Release|Any CPU
		{01036755-4A6F-4CFC-97E0-B26A7AA96C84}.Release|Any CPU.Build.0 = Release|Any CPU
		{FE6A9F57-0303-4A1B-AEF2-D5C77A5413D8}.Debug|Any CPU.ActiveCfg = Debug|Any CPU
		{FE6A9F57-0303-4A1B-AEF2-D5C77A5413D8}.Debug|Any CPU.Build.0 = Debug|Any CPU
		{FE6A9F57-0303-4A1B-AEF2-D5C77A5413D8}.Release|Any CPU.ActiveCfg = Release|Any CPU
		{FE6A9F57-0303-4A1B-AEF2-D5C77A5413D8}.Release|Any CPU.Build.0 = Release|Any CPU
	EndGlobalSection
	GlobalSection(SolutionProperties) = preSolution
		HideSolutionNode = FALSE
	EndGlobalSection
	GlobalSection(ExtensibilityGlobals) = postSolution
		SolutionGuid = {A52F9893-65BD-41DC-91F1-B27E3E046BC6}
	EndGlobalSection
EndGlobal
